
Microsoft Visual Studio Solution File, Format Version 12.00
# Visual Studio 15
VisualStudioVersion = 15.0.27004.2002
MinimumVisualStudioVersion = 10.0.40219.1
Project("{8BC9CEB8-8B4A-11D0-8D11-00A0C91BC942}") = "7SegmentTimer06.ino", "7SegmentTimer06.ino\7SegmentTimer06.ino.vcxproj", "{ECC2C65B-6F70-46EB-81AB-1C59CF53E4DB}"
EndProject
Global
	GlobalSection(SolutionConfigurationPlatforms) = preSolution
		Debug|x86 = Debug|x86
		Release|x86 = Release|x86
	EndGlobalSection
	GlobalSection(ProjectConfigurationPlatforms) = postSolution
		{ECC2C65B-6F70-46EB-81AB-1C59CF53E4DB}.Debug|x86.ActiveCfg = Debug|Win32
		{ECC2C65B-6F70-46EB-81AB-1C59CF53E4DB}.Debug|x86.Build.0 = Debug|Win32
		{ECC2C65B-6F70-46EB-81AB-1C59CF53E4DB}.Release|x86.ActiveCfg = Release|Win32
		{ECC2C65B-6F70-46EB-81AB-1C59CF53E4DB}.Release|x86.Build.0 = Release|Win32
	EndGlobalSection
	GlobalSection(SolutionProperties) = preSolution
		HideSolutionNode = FALSE
	EndGlobalSection
	GlobalSection(ExtensibilityGlobals) = postSolution
		SolutionGuid = {2D42E6B8-293F-40DB-8DD5-273440DD3D11}
	EndGlobalSection
EndGlobal
